
Microsoft Visual Studio Solution File, Format Version 11.00
# Visual Studio 2010
Project("{8BC9CEB8-8B4A-11D0-8D11-00A0C91BC942}") = "NYJ_실습02_1", "NYJ_실습02_1\NYJ_실습02_1.vcxproj", "{F7806830-0E55-40B6-926E-0A3E008ED18A}"
EndProject
Global
	GlobalSection(SolutionConfigurationPlatforms) = preSolution
		Debug|Win32 = Debug|Win32
		Release|Win32 = Release|Win32
	EndGlobalSection
	GlobalSection(ProjectConfigurationPlatforms) = postSolution
		{F7806830-0E55-40B6-926E-0A3E008ED18A}.Debug|Win32.ActiveCfg = Debug|Win32
		{F7806830-0E55-40B6-926E-0A3E008ED18A}.Debug|Win32.Build.0 = Debug|Win32
		{F7806830-0E55-40B6-926E-0A3E008ED18A}.Release|Win32.ActiveCfg = Release|Win32
		{F7806830-0E55-40B6-926E-0A3E008ED18A}.Release|Win32.Build.0 = Release|Win32
	EndGlobalSection
	GlobalSection(SolutionProperties) = preSolution
		HideSolutionNode = FALSE
	EndGlobalSection
EndGlobal
